
Microsoft Visual Studio Solution File, Format Version 12.00
# Visual Studio 2012
Project("{FAE04EC0-301F-11D3-BF4B-00C04F79EFBC}") = "PaycheckitasLib", "PaycheckitasLib\PaycheckitasLib.csproj", "{2C85EA65-501F-4F8C-929B-6EDC07D80F26}"
EndProject
Project("{FAE04EC0-301F-11D3-BF4B-00C04F79EFBC}") = "PaycheckitasTest", "PaycheckitasTest\PaycheckitasTest.csproj", "{C9CF1F52-B228-47FD-BD29-A08F13DC4196}"
EndProject
Project("{FAE04EC0-301F-11D3-BF4B-00C04F79EFBC}") = "PaycheckitasTestFeatures", "PaycheckitasFeatures\PaycheckitasTestFeatures.csproj", "{A6C97C7D-6ACB-42C9-BBC6-AEDD375ED174}"
EndProject
Global
	GlobalSection(SolutionConfigurationPlatforms) = preSolution
		Debug|Any CPU = Debug|Any CPU
		Release|Any CPU = Release|Any CPU
	EndGlobalSection
	GlobalSection(ProjectConfigurationPlatforms) = postSolution
		{2C85EA65-501F-4F8C-929B-6EDC07D80F26}.Debug|Any CPU.ActiveCfg = Debug|Any CPU
		{2C85EA65-501F-4F8C-929B-6EDC07D80F26}.Debug|Any CPU.Build.0 = Debug|Any CPU
		{2C85EA65-501F-4F8C-929B-6EDC07D80F26}.Release|Any CPU.ActiveCfg = Release|Any CPU
		{2C85EA65-501F-4F8C-929B-6EDC07D80F26}.Release|Any CPU.Build.0 = Release|Any CPU
		{C9CF1F52-B228-47FD-BD29-A08F13DC4196}.Debug|Any CPU.ActiveCfg = Debug|Any CPU
		{C9CF1F52-B228-47FD-BD29-A08F13DC4196}.Debug|Any CPU.Build.0 = Debug|Any CPU
		{C9CF1F52-B228-47FD-BD29-A08F13DC4196}.Release|Any CPU.ActiveCfg = Release|Any CPU
		{C9CF1F52-B228-47FD-BD29-A08F13DC4196}.Release|Any CPU.Build.0 = Release|Any CPU
		{A6C97C7D-6ACB-42C9-BBC6-AEDD375ED174}.Debug|Any CPU.ActiveCfg = Debug|Any CPU
		{A6C97C7D-6ACB-42C9-BBC6-AEDD375ED174}.Debug|Any CPU.Build.0 = Debug|Any CPU
		{A6C97C7D-6ACB-42C9-BBC6-AEDD375ED174}.Release|Any CPU.ActiveCfg = Release|Any CPU
		{A6C97C7D-6ACB-42C9-BBC6-AEDD375ED174}.Release|Any CPU.Build.0 = Release|Any CPU
	EndGlobalSection
EndGlobal
